// !$*UTF8*$!
{
	archiveVersion = 1;
	classes = {
	};
	objectVersion = 56;
	objects = {

/* Begin PBXBuildFile section */
		C2D902F82D4127D900EBF209 /* CoreDataProject2App.swift in Sources */ = {isa = PBXBuildFile; fileRef = C2D902F72D4127D900EBF209 /* CoreDataProject2App.swift */; };
		C2D902FA2D4127D900EBF209 /* ContentView.swift in Sources */ = {isa = PBXBuildFile; fileRef = C2D902F92D4127D900EBF209 /* ContentView.swift */; };
		C2D902FC2D4127EA00EBF209 /* Assets.xcassets in Resources */ = {isa = PBXBuildFile; fileRef = C2D902FB2D4127EA00EBF209 /* Assets.xcassets */; };
		C2D902FF2D4127EA00EBF209 /* Preview Assets.xcassets in Resources */ = {isa = PBXBuildFile; fileRef = C2D902FE2D4127EA00EBF209 /* Preview Assets.xcassets */; };
		C2D903062D41297900EBF209 /* DataController.swift in Sources */ = {isa = PBXBuildFile; fileRef = C2D903052D41297900EBF209 /* DataController.swift */; };
		C2D903092D412A0300EBF209 /* CoreDataProject2.xcdatamodeld in Sources */ = {isa = PBXBuildFile; fileRef = C2D903072D412A0200EBF209 /* CoreDataProject2.xcdatamodeld */; };
		C2D9030E2D41321B00EBF209 /* Candy+CoreDataClass.swift in Sources */ = {isa = PBXBuildFile; fileRef = C2D9030A2D41321B00EBF209 /* Candy+CoreDataClass.swift */; };
		C2D9030F2D41321B00EBF209 /* Candy+CoreDataProperties.swift in Sources */ = {isa = PBXBuildFile; fileRef = C2D9030B2D41321B00EBF209 /* Candy+CoreDataProperties.swift */; };
		C2D903102D41321B00EBF209 /* Country+CoreDataClass.swift in Sources */ = {isa = PBXBuildFile; fileRef = C2D9030C2D41321B00EBF209 /* Country+CoreDataClass.swift */; };
		C2D903112D41321B00EBF209 /* Country+CoreDataProperties.swift in Sources */ = {isa = PBXBuildFile; fileRef = C2D9030D2D41321B00EBF209 /* Country+CoreDataProperties.swift */; };
		C2D903152D4243D800EBF209 /* FilterPanel.swift in Sources */ = {isa = PBXBuildFile; fileRef = C2D903142D4243D800EBF209 /* FilterPanel.swift */; };
		C2D903172D42440700EBF209 /* FilteredList.swift in Sources */ = {isa = PBXBuildFile; fileRef = C2D903162D42440700EBF209 /* FilteredList.swift */; };
/* End PBXBuildFile section */

/* Begin PBXFileReference section */
		C2D902F42D4127D900EBF209 /* CoreDataProject2.app */ = {isa = PBXFileReference; explicitFileType = wrapper.application; includeInIndex = 0; path = CoreDataProject2.app; sourceTree = BUILT_PRODUCTS_DIR; };
		C2D902F72D4127D900EBF209 /* CoreDataProject2App.swift */ = {isa = PBXFileReference; lastKnownFileType = sourcecode.swift; path = CoreDataProject2App.swift; sourceTree = "<group>"; };
		C2D902F92D4127D900EBF209 /* ContentView.swift */ = {isa = PBXFileReference; lastKnownFileType = sourcecode.swift; path = ContentView.swift; sourceTree = "<group>"; };
		C2D902FB2D4127EA00EBF209 /* Assets.xcassets */ = {isa = PBXFileReference; lastKnownFileType = folder.assetcatalog; path = Assets.xcassets; sourceTree = "<group>"; };
		C2D902FE2D4127EA00EBF209 /* Preview Assets.xcassets */ = {isa = PBXFileReference; lastKnownFileType = folder.assetcatalog; path = "Preview Assets.xcassets"; sourceTree = "<group>"; };
		C2D903052D41297900EBF209 /* DataController.swift */ = {isa = PBXFileReference; lastKnownFileType = sourcecode.swift; path = DataController.swift; sourceTree = "<group>"; };
		C2D903082D412A0300EBF209 /* CoreDataProject2.xcdatamodel */ = {isa = PBXFileReference; lastKnownFileType = wrapper.xcdatamodel; path = CoreDataProject2.xcdatamodel; sourceTree = "<group>"; };
		C2D9030A2D41321B00EBF209 /* Candy+CoreDataClass.swift */ = {isa = PBXFileReference; lastKnownFileType = sourcecode.swift; path = "Candy+CoreDataClass.swift"; sourceTree = "<group>"; };
		C2D9030B2D41321B00EBF209 /* Candy+CoreDataProperties.swift */ = {isa = PBXFileReference; lastKnownFileType = sourcecode.swift; path = "Candy+CoreDataProperties.swift"; sourceTree = "<group>"; };
		C2D9030C2D41321B00EBF209 /* Country+CoreDataClass.swift */ = {isa = PBXFileReference; lastKnownFileType = sourcecode.swift; path = "Country+CoreDataClass.swift"; sourceTree = "<group>"; };
		C2D9030D2D41321B00EBF209 /* Country+CoreDataProperties.swift */ = {isa = PBXFileReference; lastKnownFileType = sourcecode.swift; path = "Country+CoreDataProperties.swift"; sourceTree = "<group>"; };
		C2D903142D4243D800EBF209 /* FilterPanel.swift */ = {isa = PBXFileReference; lastKnownFileType = sourcecode.swift; path = FilterPanel.swift; sourceTree = "<group>"; };
		C2D903162D42440700EBF209 /* FilteredList.swift */ = {isa = PBXFileReference; lastKnownFileType = sourcecode.swift; path = FilteredList.swift; sourceTree = "<group>"; };
/* End PBXFileReference section */

/* Begin PBXFrameworksBuildPhase section */
		C2D902F12D4127D900EBF209 /* Frameworks */ = {
			isa = PBXFrameworksBuildPhase;
			buildActionMask = 2147483647;
			files = (
			);
			runOnlyForDeploymentPostprocessing = 0;
		};
/* End PBXFrameworksBuildPhase section */

/* Begin PBXGroup section */
		C2D902EB2D4127D900EBF209 = {
			isa = PBXGroup;
			children = (
				C2D902F62D4127D900EBF209 /* CoreDataProject2 */,
				C2D902F52D4127D900EBF209 /* Products */,
			);
			sourceTree = "<group>";
		};
		C2D902F52D4127D900EBF209 /* Products */ = {
			isa = PBXGroup;
			children = (
				C2D902F42D4127D900EBF209 /* CoreDataProject2.app */,
			);
			name = Products;
			sourceTree = "<group>";
		};
		C2D902F62D4127D900EBF209 /* CoreDataProject2 */ = {
			isa = PBXGroup;
			children = (
				C2D9030A2D41321B00EBF209 /* Candy+CoreDataClass.swift */,
				C2D9030B2D41321B00EBF209 /* Candy+CoreDataProperties.swift */,
				C2D9030C2D41321B00EBF209 /* Country+CoreDataClass.swift */,
				C2D9030D2D41321B00EBF209 /* Country+CoreDataProperties.swift */,
				C2D902F72D4127D900EBF209 /* CoreDataProject2App.swift */,
				C2D903052D41297900EBF209 /* DataController.swift */,
				C2D902F92D4127D900EBF209 /* ContentView.swift */,
				C2D903142D4243D800EBF209 /* FilterPanel.swift */,
				C2D903162D42440700EBF209 /* FilteredList.swift */,
				C2D903072D412A0200EBF209 /* CoreDataProject2.xcdatamodeld */,
				C2D902FB2D4127EA00EBF209 /* Assets.xcassets */,
				C2D902FD2D4127EA00EBF209 /* Preview Content */,
			);
			path = CoreDataProject2;
			sourceTree = "<group>";
		};
		C2D902FD2D4127EA00EBF209 /* Preview Content */ = {
			isa = PBXGroup;
			children = (
				C2D902FE2D4127EA00EBF209 /* Preview Assets.xcassets */,
			);
			path = "Preview Content";
			sourceTree = "<group>";
		};
/* End PBXGroup section */

/* Begin PBXNativeTarget section */
		C2D902F32D4127D900EBF209 /* CoreDataProject2 */ = {
			isa = PBXNativeTarget;
			buildConfigurationList = C2D903022D4127EA00EBF209 /* Build configuration list for PBXNativeTarget "CoreDataProject2" */;
			buildPhases = (
				C2D902F02D4127D900EBF209 /* Sources */,
				C2D902F12D4127D900EBF209 /* Frameworks */,
				C2D902F22D4127D900EBF209 /* Resources */,
			);
			buildRules = (
			);
			dependencies = (
			);
			name = CoreDataProject2;
			productName = CoreDataProject2;
			productReference = C2D902F42D4127D900EBF209 /* CoreDataProject2.app */;
			productType = "com.apple.product-type.application";
		};
/* End PBXNativeTarget section */

/* Begin PBXProject section */
		C2D902EC2D4127D900EBF209 /* Project object */ = {
			isa = PBXProject;
			attributes = {
				BuildIndependentTargetsInParallel = 1;
				LastSwiftUpdateCheck = 1420;
				LastUpgradeCheck = 1420;
				TargetAttributes = {
					C2D902F32D4127D900EBF209 = {
						CreatedOnToolsVersion = 14.2;
					};
				};
			};
			buildConfigurationList = C2D902EF2D4127D900EBF209 /* Build configuration list for PBXProject "CoreDataProject2" */;
			compatibilityVersion = "Xcode 14.0";
			developmentRegion = en;
			hasScannedForEncodings = 0;
			knownRegions = (
				en,
				Base,
			);
			mainGroup = C2D902EB2D4127D900EBF209;
			productRefGroup = C2D902F52D4127D900EBF209 /* Products */;
			projectDirPath = "";
			projectRoot = "";
			targets = (
				C2D902F32D4127D900EBF209 /* CoreDataProject2 */,
			);
		};
/* End PBXProject section */

/* Begin PBXResourcesBuildPhase section */
		C2D902F22D4127D900EBF209 /* Resources */ = {
			isa = PBXResourcesBuildPhase;
			buildActionMask = 2147483647;
			files = (
				C2D902FF2D4127EA00EBF209 /* Preview Assets.xcassets in Resources */,
				C2D902FC2D4127EA00EBF209 /* Assets.xcassets in Resources */,
			);
			runOnlyForDeploymentPostprocessing = 0;
		};
/* End PBXResourcesBuildPhase section */

/* Begin PBXSourcesBuildPhase section */
		C2D902F02D4127D900EBF209 /* Sources */ = {
			isa = PBXSourcesBuildPhase;
			buildActionMask = 2147483647;
			files = (
				C2D902FA2D4127D900EBF209 /* ContentView.swift in Sources */,
				C2D9030E2D41321B00EBF209 /* Candy+CoreDataClass.swift in Sources */,
				C2D903172D42440700EBF209 /* FilteredList.swift in Sources */,
				C2D903092D412A0300EBF209 /* CoreDataProject2.xcdatamodeld in Sources */,
				C2D9030F2D41321B00EBF209 /* Candy+CoreDataProperties.swift in Sources */,
				C2D903112D41321B00EBF209 /* Country+CoreDataProperties.swift in Sources */,
				C2D903102D41321B00EBF209 /* Country+CoreDataClass.swift in Sources */,
				C2D903062D41297900EBF209 /* DataController.swift in Sources */,
				C2D903152D4243D800EBF209 /* FilterPanel.swift in Sources */,
				C2D902F82D4127D900EBF209 /* CoreDataProject2App.swift in Sources */,
			);
			runOnlyForDeploymentPostprocessing = 0;
		};
/* End PBXSourcesBuildPhase section */

/* Begin XCBuildConfiguration section */
		C2D903002D4127EA00EBF209 /* Debug */ = {
			isa = XCBuildConfiguration;
			buildSettings = {
				ALWAYS_SEARCH_USER_PATHS = NO;
				CLANG_ANALYZER_NONNULL = YES;
				CLANG_ANALYZER_NUMBER_OBJECT_CONVERSION = YES_AGGRESSIVE;
				CLANG_CXX_LANGUAGE_STANDARD = "gnu++20";
				CLANG_ENABLE_MODULES = YES;
				CLANG_ENABLE_OBJC_ARC = YES;
				CLANG_ENABLE_OBJC_WEAK = YES;
				CLANG_WARN_BLOCK_CAPTURE_AUTORELEASING = YES;
				CLANG_WARN_BOOL_CONVERSION = YES;
				CLANG_WARN_COMMA = YES;
				CLANG_WARN_CONSTANT_CONVERSION = YES;
				CLANG_WARN_DEPRECATED_OBJC_IMPLEMENTATIONS = YES;
				CLANG_WARN_DIRECT_OBJC_ISA_USAGE = YES_ERROR;
				CLANG_WARN_DOCUMENTATION_COMMENTS = YES;
				CLANG_WARN_EMPTY_BODY = YES;
				CLANG_WARN_ENUM_CONVERSION = YES;
				CLANG_WARN_INFINITE_RECURSION = YES;
				CLANG_WARN_INT_CONVERSION = YES;
				CLANG_WARN_NON_LITERAL_NULL_CONVERSION = YES;
				CLANG_WARN_OBJC_IMPLICIT_RETAIN_SELF = YES;
				CLANG_WARN_OBJC_LITERAL_CONVERSION = YES;
				CLANG_WARN_OBJC_ROOT_CLASS = YES_ERROR;
				CLANG_WARN_QUOTED_INCLUDE_IN_FRAMEWORK_HEADER = YES;
				CLANG_WARN_RANGE_LOOP_ANALYSIS = YES;
				CLANG_WARN_STRICT_PROTOTYPES = YES;
				CLANG_WARN_SUSPICIOUS_MOVE = YES;
				CLANG_WARN_UNGUARDED_AVAILABILITY = YES_AGGRESSIVE;
				CLANG_WARN_UNREACHABLE_CODE = YES;
				CLANG_WARN__DUPLICATE_METHOD_MATCH = YES;
				COPY_PHASE_STRIP = NO;
				DEBUG_INFORMATION_FORMAT = dwarf;
				ENABLE_STRICT_OBJC_MSGSEND = YES;
				ENABLE_TESTABILITY = YES;
				GCC_C_LANGUAGE_STANDARD = gnu11;
				GCC_DYNAMIC_NO_PIC = NO;
				GCC_NO_COMMON_BLOCKS = YES;
				GCC_OPTIMIZATION_LEVEL = 0;
				GCC_PREPROCESSOR_DEFINITIONS = (
					"DEBUG=1",
					"$(inherited)",
				);
				GCC_WARN_64_TO_32_BIT_CONVERSION = YES;
				GCC_WARN_ABOUT_RETURN_TYPE = YES_ERROR;
				GCC_WARN_UNDECLARED_SELECTOR = YES;
				GCC_WARN_UNINITIALIZED_AUTOS = YES_AGGRESSIVE;
				GCC_WARN_UNUSED_FUNCTION = YES;
				GCC_WARN_UNUSED_VARIABLE = YES;
				IPHONEOS_DEPLOYMENT_TARGET = 16.2;
				MTL_ENABLE_DEBUG_INFO = INCLUDE_SOURCE;
				MTL_FAST_MATH = YES;
				ONLY_ACTIVE_ARCH = YES;
				SDKROOT = iphoneos;
				SWIFT_ACTIVE_COMPILATION_CONDITIONS = DEBUG;
				SWIFT_OPTIMIZATION_LEVEL = "-Onone";
			};
			name = Debug;
		};
		C2D903012D4127EA00EBF209 /* Release */ = {
			isa = XCBuildConfiguration;
			buildSettings = {
				ALWAYS_SEARCH_USER_PATHS = NO;
				CLANG_ANALYZER_NONNULL = YES;
				CLANG_ANALYZER_NUMBER_OBJECT_CONVERSION = YES_AGGRESSIVE;
				CLANG_CXX_LANGUAGE_STANDARD = "gnu++20";
				CLANG_ENABLE_MODULES = YES;
				CLANG_ENABLE_OBJC_ARC = YES;
				CLANG_ENABLE_OBJC_WEAK = YES;
				CLANG_WARN_BLOCK_CAPTURE_AUTORELEASING = YES;
				CLANG_WARN_BOOL_CONVERSION = YES;
				CLANG_WARN_COMMA = YES;
				CLANG_WARN_CONSTANT_CONVERSION = YES;
				CLANG_WARN_DEPRECATED_OBJC_IMPLEMENTATIONS = YES;
				CLANG_WARN_DIRECT_OBJC_ISA_USAGE = YES_ERROR;
				CLANG_WARN_DOCUMENTATION_COMMENTS = YES;
				CLANG_WARN_EMPTY_BODY = YES;
				CLANG_WARN_ENUM_CONVERSION = YES;
				CLANG_WARN_INFINITE_RECURSION = YES;
				CLANG_WARN_INT_CONVERSION = YES;
				CLANG_WARN_NON_LITERAL_NULL_CONVERSION = YES;
				CLANG_WARN_OBJC_IMPLICIT_RETAIN_SELF = YES;
				CLANG_WARN_OBJC_LITERAL_CONVERSION = YES;
				CLANG_WARN_OBJC_ROOT_CLASS = YES_ERROR;
				CLANG_WARN_QUOTED_INCLUDE_IN_FRAMEWORK_HEADER = YES;
				CLANG_WARN_RANGE_LOOP_ANALYSIS = YES;
				CLANG_WARN_STRICT_PROTOTYPES = YES;
				CLANG_WARN_SUSPICIOUS_MOVE = YES;
				CLANG_WARN_UNGUARDED_AVAILABILITY = YES_AGGRESSIVE;
				CLANG_WARN_UNREACHABLE_CODE = YES;
				CLANG_WARN__DUPLICATE_METHOD_MATCH = YES;
				COPY_PHASE_STRIP = NO;
				DEBUG_INFORMATION_FORMAT = "dwarf-with-dsym";
				ENABLE_NS_ASSERTIONS = NO;
				ENABLE_STRICT_OBJC_MSGSEND = YES;
				GCC_C_LANGUAGE_STANDARD = gnu11;
				GCC_NO_COMMON_BLOCKS = YES;
				GCC_WARN_64_TO_32_BIT_CONVERSION = YES;
				GCC_WARN_ABOUT_RETURN_TYPE = YES_ERROR;
				GCC_WARN_UNDECLARED_SELECTOR = YES;
				GCC_WARN_UNINITIALIZED_AUTOS = YES_AGGRESSIVE;
				GCC_WARN_UNUSED_FUNCTION = YES;
				GCC_WARN_UNUSED_VARIABLE = YES;
				IPHONEOS_DEPLOYMENT_TARGET = 16.2;
				MTL_ENABLE_DEBUG_INFO = NO;
				MTL_FAST_MATH = YES;
				SDKROOT = iphoneos;
				SWIFT_COMPILATION_MODE = wholemodule;
				SWIFT_OPTIMIZATION_LEVEL = "-O";
				VALIDATE_PRODUCT = YES;
			};
			name = Release;
		};
		C2D903032D4127EA00EBF209 /* Debug */ = {
			isa = XCBuildConfiguration;
			buildSettings = {
				ASSETCATALOG_COMPILER_APPICON_NAME = AppIcon;
				ASSETCATALOG_COMPILER_GLOBAL_ACCENT_COLOR_NAME = AccentColor;
				CODE_SIGN_STYLE = Automatic;
				CURRENT_PROJECT_VERSION = 1;
				DEVELOPMENT_ASSET_PATHS = "\"CoreDataProject2/Preview Content\"";
				ENABLE_PREVIEWS = YES;
				GENERATE_INFOPLIST_FILE = YES;
				INFOPLIST_KEY_UIApplicationSceneManifest_Generation = YES;
				INFOPLIST_KEY_UIApplicationSupportsIndirectInputEvents = YES;
				INFOPLIST_KEY_UILaunchScreen_Generation = YES;
				INFOPLIST_KEY_UISupportedInterfaceOrientations_iPad = "UIInterfaceOrientationPortrait UIInterfaceOrientationPortraitUpsideDown UIInterfaceOrientationLandscapeLeft UIInterfaceOrientationLandscapeRight";
				INFOPLIST_KEY_UISupportedInterfaceOrientations_iPhone = "UIInterfaceOrientationPortrait UIInterfaceOrientationLandscapeLeft UIInterfaceOrientationLandscapeRight";
				LD_RUNPATH_SEARCH_PATHS = (
					"$(inherited)",
					"@executable_path/Frameworks",
				);
				MARKETING_VERSION = 1.0;
				PRODUCT_BUNDLE_IDENTIFIER = kajbr88.CoreDataProject2;
				PRODUCT_NAME = "$(TARGET_NAME)";
				SWIFT_EMIT_LOC_STRINGS = YES;
				SWIFT_VERSION = 5.0;
				TARGETED_DEVICE_FAMILY = "1,2";
			};
			name = Debug;
		};
		C2D903042D4127EA00EBF209 /* Release */ = {
			isa = XCBuildConfiguration;
			buildSettings = {
				ASSETCATALOG_COMPILER_APPICON_NAME = AppIcon;
				ASSETCATALOG_COMPILER_GLOBAL_ACCENT_COLOR_NAME = AccentColor;
				CODE_SIGN_STYLE = Automatic;
				CURRENT_PROJECT_VERSION = 1;
				DEVELOPMENT_ASSET_PATHS = "\"CoreDataProject2/Preview Content\"";
				ENABLE_PREVIEWS = YES;
				GENERATE_INFOPLIST_FILE = YES;
				INFOPLIST_KEY_UIApplicationSceneManifest_Generation = YES;
				INFOPLIST_KEY_UIApplicationSupportsIndirectInputEvents = YES;
				INFOPLIST_KEY_UILaunchScreen_Generation = YES;
				INFOPLIST_KEY_UISupportedInterfaceOrientations_iPad = "UIInterfaceOrientationPortrait UIInterfaceOrientationPortraitUpsideDown UIInterfaceOrientationLandscapeLeft UIInterfaceOrientationLandscapeRight";
				INFOPLIST_KEY_UISupportedInterfaceOrientations_iPhone = "UIInterfaceOrientationPortrait UIInterfaceOrientationLandscapeLeft UIInterfaceOrientationLandscapeRight";
				LD_RUNPATH_SEARCH_PATHS = (
					"$(inherited)",
					"@executable_path/Frameworks",
				);
				MARKETING_VERSION = 1.0;
				PRODUCT_BUNDLE_IDENTIFIER = kajbr88.CoreDataProject2;
				PRODUCT_NAME = "$(TARGET_NAME)";
				SWIFT_EMIT_LOC_STRINGS = YES;
				SWIFT_VERSION = 5.0;
				TARGETED_DEVICE_FAMILY = "1,2";
			};
			name = Release;
		};
/* End XCBuildConfiguration section */

/* Begin XCConfigurationList section */
		C2D902EF2D4127D900EBF209 /* Build configuration list for PBXProject "CoreDataProject2" */ = {
			isa = XCConfigurationList;
			buildConfigurations = (
				C2D903002D4127EA00EBF209 /* Debug */,
				C2D903012D4127EA00EBF209 /* Release */,
			);
			defaultConfigurationIsVisible = 0;
			defaultConfigurationName = Release;
		};
		C2D903022D4127EA00EBF209 /* Build configuration list for PBXNativeTarget "CoreDataProject2" */ = {
			isa = XCConfigurationList;
			buildConfigurations = (
				C2D903032D4127EA00EBF209 /* Debug */,
				C2D903042D4127EA00EBF209 /* Release */,
			);
			defaultConfigurationIsVisible = 0;
			defaultConfigurationName = Release;
		};
/* End XCConfigurationList section */

/* Begin XCVersionGroup section */
		C2D903072D412A0200EBF209 /* CoreDataProject2.xcdatamodeld */ = {
			isa = XCVersionGroup;
			children = (
				C2D903082D412A0300EBF209 /* CoreDataProject2.xcdatamodel */,
			);
			currentVersion = C2D903082D412A0300EBF209 /* CoreDataProject2.xcdatamodel */;
			path = CoreDataProject2.xcdatamodeld;
			sourceTree = "<group>";
			versionGroupType = wrapper.xcdatamodel;
		};
/* End XCVersionGroup section */
	};
	rootObject = C2D902EC2D4127D900EBF209 /* Project object */;
}
