// !$*UTF8*$!
{
	archiveVersion = 1;
	classes = {
	};
	objectVersion = 56;
	objects = {

/* Begin PBXBuildFile section */
		C223D4B32D3D04570039C220 /* MainView.swift in Sources */ = {isa = PBXBuildFile; fileRef = C223D4B22D3D04570039C220 /* MainView.swift */; };
		C223D5092D3D054E0039C220 /* SpecialEffects.swift in Sources */ = {isa = PBXBuildFile; fileRef = C223D4FE2D3D054E0039C220 /* SpecialEffects.swift */; };
		C223D50A2D3D054E0039C220 /* TransformingShapes.swift in Sources */ = {isa = PBXBuildFile; fileRef = C223D4FF2D3D054E0039C220 /* TransformingShapes.swift */; };
		C223D50B2D3D054E0039C220 /* DefaultSpirograph.swift in Sources */ = {isa = PBXBuildFile; fileRef = C223D5002D3D054E0039C220 /* DefaultSpirograph.swift */; };
		C223D50C2D3D054E0039C220 /* CustomSpirograph.swift in Sources */ = {isa = PBXBuildFile; fileRef = C223D5012D3D054E0039C220 /* CustomSpirograph.swift */; };
		C223D50D2D3D054E0039C220 /* AnimatingComplexShapes.swift in Sources */ = {isa = PBXBuildFile; fileRef = C223D5022D3D054E0039C220 /* AnimatingComplexShapes.swift */; };
		C223D50E2D3D054E0039C220 /* StrokeBorderSupport.swift in Sources */ = {isa = PBXBuildFile; fileRef = C223D5032D3D054E0039C220 /* StrokeBorderSupport.swift */; };
		C223D50F2D3D054E0039C220 /* PathsVsShapes.swift in Sources */ = {isa = PBXBuildFile; fileRef = C223D5042D3D054E0039C220 /* PathsVsShapes.swift */; };
		C223D5102D3D054E0039C220 /* MetalRendering.swift in Sources */ = {isa = PBXBuildFile; fileRef = C223D5052D3D054E0039C220 /* MetalRendering.swift */; };
		C223D5112D3D054E0039C220 /* CustomPaths.swift in Sources */ = {isa = PBXBuildFile; fileRef = C223D5062D3D054E0039C220 /* CustomPaths.swift */; };
		C223D5122D3D054E0039C220 /* CreativeBorders.swift in Sources */ = {isa = PBXBuildFile; fileRef = C223D5072D3D054E0039C220 /* CreativeBorders.swift */; };
		C223D5132D3D054E0039C220 /* AnimatingShapes.swift in Sources */ = {isa = PBXBuildFile; fileRef = C223D5082D3D054E0039C220 /* AnimatingShapes.swift */; };
		C223D51A2D3D0A640039C220 /* ArrowChallenge.swift in Sources */ = {isa = PBXBuildFile; fileRef = C223D5182D3D0A630039C220 /* ArrowChallenge.swift */; };
		C223D51B2D3D0A640039C220 /* Challenge3.swift in Sources */ = {isa = PBXBuildFile; fileRef = C223D5192D3D0A630039C220 /* Challenge3.swift */; };
		C2BA282A2D379AF90087B6E0 /* DrawingApp.swift in Sources */ = {isa = PBXBuildFile; fileRef = C2BA28292D379AF90087B6E0 /* DrawingApp.swift */; };
		C2BA282C2D379AF90087B6E0 /* ContentView.swift in Sources */ = {isa = PBXBuildFile; fileRef = C2BA282B2D379AF90087B6E0 /* ContentView.swift */; };
		C2BA282E2D379B050087B6E0 /* Assets.xcassets in Resources */ = {isa = PBXBuildFile; fileRef = C2BA282D2D379B050087B6E0 /* Assets.xcassets */; };
		C2BA28312D379B050087B6E0 /* Preview Assets.xcassets in Resources */ = {isa = PBXBuildFile; fileRef = C2BA28302D379B050087B6E0 /* Preview Assets.xcassets */; };
/* End PBXBuildFile section */

/* Begin PBXFileReference section */
		C223D4B22D3D04570039C220 /* MainView.swift */ = {isa = PBXFileReference; lastKnownFileType = sourcecode.swift; path = MainView.swift; sourceTree = "<group>"; };
		C223D4FE2D3D054E0039C220 /* SpecialEffects.swift */ = {isa = PBXFileReference; fileEncoding = 4; lastKnownFileType = sourcecode.swift; path = SpecialEffects.swift; sourceTree = "<group>"; };
		C223D4FF2D3D054E0039C220 /* TransformingShapes.swift */ = {isa = PBXFileReference; fileEncoding = 4; lastKnownFileType = sourcecode.swift; path = TransformingShapes.swift; sourceTree = "<group>"; };
		C223D5002D3D054E0039C220 /* DefaultSpirograph.swift */ = {isa = PBXFileReference; fileEncoding = 4; lastKnownFileType = sourcecode.swift; path = DefaultSpirograph.swift; sourceTree = "<group>"; };
		C223D5012D3D054E0039C220 /* CustomSpirograph.swift */ = {isa = PBXFileReference; fileEncoding = 4; lastKnownFileType = sourcecode.swift; path = CustomSpirograph.swift; sourceTree = "<group>"; };
		C223D5022D3D054E0039C220 /* AnimatingComplexShapes.swift */ = {isa = PBXFileReference; fileEncoding = 4; lastKnownFileType = sourcecode.swift; path = AnimatingComplexShapes.swift; sourceTree = "<group>"; };
		C223D5032D3D054E0039C220 /* StrokeBorderSupport.swift */ = {isa = PBXFileReference; fileEncoding = 4; lastKnownFileType = sourcecode.swift; path = StrokeBorderSupport.swift; sourceTree = "<group>"; };
		C223D5042D3D054E0039C220 /* PathsVsShapes.swift */ = {isa = PBXFileReference; fileEncoding = 4; lastKnownFileType = sourcecode.swift; path = PathsVsShapes.swift; sourceTree = "<group>"; };
		C223D5052D3D054E0039C220 /* MetalRendering.swift */ = {isa = PBXFileReference; fileEncoding = 4; lastKnownFileType = sourcecode.swift; path = MetalRendering.swift; sourceTree = "<group>"; };
		C223D5062D3D054E0039C220 /* CustomPaths.swift */ = {isa = PBXFileReference; fileEncoding = 4; lastKnownFileType = sourcecode.swift; path = CustomPaths.swift; sourceTree = "<group>"; };
		C223D5072D3D054E0039C220 /* CreativeBorders.swift */ = {isa = PBXFileReference; fileEncoding = 4; lastKnownFileType = sourcecode.swift; path = CreativeBorders.swift; sourceTree = "<group>"; };
		C223D5082D3D054E0039C220 /* AnimatingShapes.swift */ = {isa = PBXFileReference; fileEncoding = 4; lastKnownFileType = sourcecode.swift; path = AnimatingShapes.swift; sourceTree = "<group>"; };
		C223D5182D3D0A630039C220 /* ArrowChallenge.swift */ = {isa = PBXFileReference; fileEncoding = 4; lastKnownFileType = sourcecode.swift; name = ArrowChallenge.swift; path = "../../../../12-Project9/Project9/Challenges/ArrowChallenge.swift"; sourceTree = "<group>"; };
		C223D5192D3D0A630039C220 /* Challenge3.swift */ = {isa = PBXFileReference; fileEncoding = 4; lastKnownFileType = sourcecode.swift; name = Challenge3.swift; path = "../../../../12-Project9/Project9/Challenges/Challenge3.swift"; sourceTree = "<group>"; };
		C2BA28262D379AF90087B6E0 /* Drawing.app */ = {isa = PBXFileReference; explicitFileType = wrapper.application; includeInIndex = 0; path = Drawing.app; sourceTree = BUILT_PRODUCTS_DIR; };
		C2BA28292D379AF90087B6E0 /* DrawingApp.swift */ = {isa = PBXFileReference; lastKnownFileType = sourcecode.swift; path = DrawingApp.swift; sourceTree = "<group>"; };
		C2BA282B2D379AF90087B6E0 /* ContentView.swift */ = {isa = PBXFileReference; lastKnownFileType = sourcecode.swift; path = ContentView.swift; sourceTree = "<group>"; };
		C2BA282D2D379B050087B6E0 /* Assets.xcassets */ = {isa = PBXFileReference; lastKnownFileType = folder.assetcatalog; path = Assets.xcassets; sourceTree = "<group>"; };
		C2BA28302D379B050087B6E0 /* Preview Assets.xcassets */ = {isa = PBXFileReference; lastKnownFileType = folder.assetcatalog; path = "Preview Assets.xcassets"; sourceTree = "<group>"; };
/* End PBXFileReference section */

/* Begin PBXFrameworksBuildPhase section */
		C2BA28232D379AF90087B6E0 /* Frameworks */ = {
			isa = PBXFrameworksBuildPhase;
			buildActionMask = 2147483647;
			files = (
			);
			runOnlyForDeploymentPostprocessing = 0;
		};
/* End PBXFrameworksBuildPhase section */

/* Begin PBXGroup section */
		C223D4B12D3D040B0039C220 /* Introduction */ = {
			isa = PBXGroup;
			children = (
				C223D4FD2D3D054E0039C220 /* Topics */,
				C223D4B22D3D04570039C220 /* MainView.swift */,
			);
			path = Introduction;
			sourceTree = "<group>";
		};
		C223D4FD2D3D054E0039C220 /* Topics */ = {
			isa = PBXGroup;
			children = (
				C223D5062D3D054E0039C220 /* CustomPaths.swift */,
				C223D5042D3D054E0039C220 /* PathsVsShapes.swift */,
				C223D5032D3D054E0039C220 /* StrokeBorderSupport.swift */,
				C223D4FF2D3D054E0039C220 /* TransformingShapes.swift */,
				C223D5072D3D054E0039C220 /* CreativeBorders.swift */,
				C223D5052D3D054E0039C220 /* MetalRendering.swift */,
				C223D4FE2D3D054E0039C220 /* SpecialEffects.swift */,
				C223D5082D3D054E0039C220 /* AnimatingShapes.swift */,
				C223D5022D3D054E0039C220 /* AnimatingComplexShapes.swift */,
				C223D5002D3D054E0039C220 /* DefaultSpirograph.swift */,
				C223D5012D3D054E0039C220 /* CustomSpirograph.swift */,
			);
			path = Topics;
			sourceTree = "<group>";
		};
		C2BA281D2D379AF90087B6E0 = {
			isa = PBXGroup;
			children = (
				C2BA28282D379AF90087B6E0 /* Drawing */,
				C2BA28272D379AF90087B6E0 /* Products */,
			);
			sourceTree = "<group>";
		};
		C2BA28272D379AF90087B6E0 /* Products */ = {
			isa = PBXGroup;
			children = (
				C2BA28262D379AF90087B6E0 /* Drawing.app */,
			);
			name = Products;
			sourceTree = "<group>";
		};
		C2BA28282D379AF90087B6E0 /* Drawing */ = {
			isa = PBXGroup;
			children = (
				C223D4B12D3D040B0039C220 /* Introduction */,
				C2BA28372D3C0B630087B6E0 /* Challenges */,
				C2BA28292D379AF90087B6E0 /* DrawingApp.swift */,
				C2BA282B2D379AF90087B6E0 /* ContentView.swift */,
				C2BA282D2D379B050087B6E0 /* Assets.xcassets */,
				C2BA282F2D379B050087B6E0 /* Preview Content */,
			);
			path = Drawing;
			sourceTree = "<group>";
		};
		C2BA282F2D379B050087B6E0 /* Preview Content */ = {
			isa = PBXGroup;
			children = (
				C2BA28302D379B050087B6E0 /* Preview Assets.xcassets */,
			);
			path = "Preview Content";
			sourceTree = "<group>";
		};
		C2BA28372D3C0B630087B6E0 /* Challenges */ = {
			isa = PBXGroup;
			children = (
				C223D5182D3D0A630039C220 /* ArrowChallenge.swift */,
				C223D5192D3D0A630039C220 /* Challenge3.swift */,
			);
			path = Challenges;
			sourceTree = "<group>";
		};
/* End PBXGroup section */

/* Begin PBXNativeTarget section */
		C2BA28252D379AF90087B6E0 /* Drawing */ = {
			isa = PBXNativeTarget;
			buildConfigurationList = C2BA28342D379B050087B6E0 /* Build configuration list for PBXNativeTarget "Drawing" */;
			buildPhases = (
				C2BA28222D379AF90087B6E0 /* Sources */,
				C2BA28232D379AF90087B6E0 /* Frameworks */,
				C2BA28242D379AF90087B6E0 /* Resources */,
			);
			buildRules = (
			);
			dependencies = (
			);
			name = Drawing;
			productName = Drawing;
			productReference = C2BA28262D379AF90087B6E0 /* Drawing.app */;
			productType = "com.apple.product-type.application";
		};
/* End PBXNativeTarget section */

/* Begin PBXProject section */
		C2BA281E2D379AF90087B6E0 /* Project object */ = {
			isa = PBXProject;
			attributes = {
				BuildIndependentTargetsInParallel = 1;
				LastSwiftUpdateCheck = 1420;
				LastUpgradeCheck = 1420;
				TargetAttributes = {
					C2BA28252D379AF90087B6E0 = {
						CreatedOnToolsVersion = 14.2;
					};
				};
			};
			buildConfigurationList = C2BA28212D379AF90087B6E0 /* Build configuration list for PBXProject "Drawing" */;
			compatibilityVersion = "Xcode 14.0";
			developmentRegion = en;
			hasScannedForEncodings = 0;
			knownRegions = (
				en,
				Base,
			);
			mainGroup = C2BA281D2D379AF90087B6E0;
			productRefGroup = C2BA28272D379AF90087B6E0 /* Products */;
			projectDirPath = "";
			projectRoot = "";
			targets = (
				C2BA28252D379AF90087B6E0 /* Drawing */,
			);
		};
/* End PBXProject section */

/* Begin PBXResourcesBuildPhase section */
		C2BA28242D379AF90087B6E0 /* Resources */ = {
			isa = PBXResourcesBuildPhase;
			buildActionMask = 2147483647;
			files = (
				C2BA28312D379B050087B6E0 /* Preview Assets.xcassets in Resources */,
				C2BA282E2D379B050087B6E0 /* Assets.xcassets in Resources */,
			);
			runOnlyForDeploymentPostprocessing = 0;
		};
/* End PBXResourcesBuildPhase section */

/* Begin PBXSourcesBuildPhase section */
		C2BA28222D379AF90087B6E0 /* Sources */ = {
			isa = PBXSourcesBuildPhase;
			buildActionMask = 2147483647;
			files = (
				C223D50E2D3D054E0039C220 /* StrokeBorderSupport.swift in Sources */,
				C223D51B2D3D0A640039C220 /* Challenge3.swift in Sources */,
				C223D5102D3D054E0039C220 /* MetalRendering.swift in Sources */,
				C223D51A2D3D0A640039C220 /* ArrowChallenge.swift in Sources */,
				C223D50C2D3D054E0039C220 /* CustomSpirograph.swift in Sources */,
				C223D5112D3D054E0039C220 /* CustomPaths.swift in Sources */,
				C223D5092D3D054E0039C220 /* SpecialEffects.swift in Sources */,
				C223D5122D3D054E0039C220 /* CreativeBorders.swift in Sources */,
				C223D50F2D3D054E0039C220 /* PathsVsShapes.swift in Sources */,
				C2BA282C2D379AF90087B6E0 /* ContentView.swift in Sources */,
				C223D50D2D3D054E0039C220 /* AnimatingComplexShapes.swift in Sources */,
				C223D50B2D3D054E0039C220 /* DefaultSpirograph.swift in Sources */,
				C223D50A2D3D054E0039C220 /* TransformingShapes.swift in Sources */,
				C223D4B32D3D04570039C220 /* MainView.swift in Sources */,
				C223D5132D3D054E0039C220 /* AnimatingShapes.swift in Sources */,
				C2BA282A2D379AF90087B6E0 /* DrawingApp.swift in Sources */,
			);
			runOnlyForDeploymentPostprocessing = 0;
		};
/* End PBXSourcesBuildPhase section */

/* Begin XCBuildConfiguration section */
		C2BA28322D379B050087B6E0 /* Debug */ = {
			isa = XCBuildConfiguration;
			buildSettings = {
				ALWAYS_SEARCH_USER_PATHS = NO;
				CLANG_ANALYZER_NONNULL = YES;
				CLANG_ANALYZER_NUMBER_OBJECT_CONVERSION = YES_AGGRESSIVE;
				CLANG_CXX_LANGUAGE_STANDARD = "gnu++20";
				CLANG_ENABLE_MODULES = YES;
				CLANG_ENABLE_OBJC_ARC = YES;
				CLANG_ENABLE_OBJC_WEAK = YES;
				CLANG_WARN_BLOCK_CAPTURE_AUTORELEASING = YES;
				CLANG_WARN_BOOL_CONVERSION = YES;
				CLANG_WARN_COMMA = YES;
				CLANG_WARN_CONSTANT_CONVERSION = YES;
				CLANG_WARN_DEPRECATED_OBJC_IMPLEMENTATIONS = YES;
				CLANG_WARN_DIRECT_OBJC_ISA_USAGE = YES_ERROR;
				CLANG_WARN_DOCUMENTATION_COMMENTS = YES;
				CLANG_WARN_EMPTY_BODY = YES;
				CLANG_WARN_ENUM_CONVERSION = YES;
				CLANG_WARN_INFINITE_RECURSION = YES;
				CLANG_WARN_INT_CONVERSION = YES;
				CLANG_WARN_NON_LITERAL_NULL_CONVERSION = YES;
				CLANG_WARN_OBJC_IMPLICIT_RETAIN_SELF = YES;
				CLANG_WARN_OBJC_LITERAL_CONVERSION = YES;
				CLANG_WARN_OBJC_ROOT_CLASS = YES_ERROR;
				CLANG_WARN_QUOTED_INCLUDE_IN_FRAMEWORK_HEADER = YES;
				CLANG_WARN_RANGE_LOOP_ANALYSIS = YES;
				CLANG_WARN_STRICT_PROTOTYPES = YES;
				CLANG_WARN_SUSPICIOUS_MOVE = YES;
				CLANG_WARN_UNGUARDED_AVAILABILITY = YES_AGGRESSIVE;
				CLANG_WARN_UNREACHABLE_CODE = YES;
				CLANG_WARN__DUPLICATE_METHOD_MATCH = YES;
				COPY_PHASE_STRIP = NO;
				DEBUG_INFORMATION_FORMAT = dwarf;
				ENABLE_STRICT_OBJC_MSGSEND = YES;
				ENABLE_TESTABILITY = YES;
				GCC_C_LANGUAGE_STANDARD = gnu11;
				GCC_DYNAMIC_NO_PIC = NO;
				GCC_NO_COMMON_BLOCKS = YES;
				GCC_OPTIMIZATION_LEVEL = 0;
				GCC_PREPROCESSOR_DEFINITIONS = (
					"DEBUG=1",
					"$(inherited)",
				);
				GCC_WARN_64_TO_32_BIT_CONVERSION = YES;
				GCC_WARN_ABOUT_RETURN_TYPE = YES_ERROR;
				GCC_WARN_UNDECLARED_SELECTOR = YES;
				GCC_WARN_UNINITIALIZED_AUTOS = YES_AGGRESSIVE;
				GCC_WARN_UNUSED_FUNCTION = YES;
				GCC_WARN_UNUSED_VARIABLE = YES;
				IPHONEOS_DEPLOYMENT_TARGET = 16.2;
				MTL_ENABLE_DEBUG_INFO = INCLUDE_SOURCE;
				MTL_FAST_MATH = YES;
				ONLY_ACTIVE_ARCH = YES;
				SDKROOT = iphoneos;
				SWIFT_ACTIVE_COMPILATION_CONDITIONS = DEBUG;
				SWIFT_OPTIMIZATION_LEVEL = "-Onone";
			};
			name = Debug;
		};
		C2BA28332D379B050087B6E0 /* Release */ = {
			isa = XCBuildConfiguration;
			buildSettings = {
				ALWAYS_SEARCH_USER_PATHS = NO;
				CLANG_ANALYZER_NONNULL = YES;
				CLANG_ANALYZER_NUMBER_OBJECT_CONVERSION = YES_AGGRESSIVE;
				CLANG_CXX_LANGUAGE_STANDARD = "gnu++20";
				CLANG_ENABLE_MODULES = YES;
				CLANG_ENABLE_OBJC_ARC = YES;
				CLANG_ENABLE_OBJC_WEAK = YES;
				CLANG_WARN_BLOCK_CAPTURE_AUTORELEASING = YES;
				CLANG_WARN_BOOL_CONVERSION = YES;
				CLANG_WARN_COMMA = YES;
				CLANG_WARN_CONSTANT_CONVERSION = YES;
				CLANG_WARN_DEPRECATED_OBJC_IMPLEMENTATIONS = YES;
				CLANG_WARN_DIRECT_OBJC_ISA_USAGE = YES_ERROR;
				CLANG_WARN_DOCUMENTATION_COMMENTS = YES;
				CLANG_WARN_EMPTY_BODY = YES;
				CLANG_WARN_ENUM_CONVERSION = YES;
				CLANG_WARN_INFINITE_RECURSION = YES;
				CLANG_WARN_INT_CONVERSION = YES;
				CLANG_WARN_NON_LITERAL_NULL_CONVERSION = YES;
				CLANG_WARN_OBJC_IMPLICIT_RETAIN_SELF = YES;
				CLANG_WARN_OBJC_LITERAL_CONVERSION = YES;
				CLANG_WARN_OBJC_ROOT_CLASS = YES_ERROR;
				CLANG_WARN_QUOTED_INCLUDE_IN_FRAMEWORK_HEADER = YES;
				CLANG_WARN_RANGE_LOOP_ANALYSIS = YES;
				CLANG_WARN_STRICT_PROTOTYPES = YES;
				CLANG_WARN_SUSPICIOUS_MOVE = YES;
				CLANG_WARN_UNGUARDED_AVAILABILITY = YES_AGGRESSIVE;
				CLANG_WARN_UNREACHABLE_CODE = YES;
				CLANG_WARN__DUPLICATE_METHOD_MATCH = YES;
				COPY_PHASE_STRIP = NO;
				DEBUG_INFORMATION_FORMAT = "dwarf-with-dsym";
				ENABLE_NS_ASSERTIONS = NO;
				ENABLE_STRICT_OBJC_MSGSEND = YES;
				GCC_C_LANGUAGE_STANDARD = gnu11;
				GCC_NO_COMMON_BLOCKS = YES;
				GCC_WARN_64_TO_32_BIT_CONVERSION = YES;
				GCC_WARN_ABOUT_RETURN_TYPE = YES_ERROR;
				GCC_WARN_UNDECLARED_SELECTOR = YES;
				GCC_WARN_UNINITIALIZED_AUTOS = YES_AGGRESSIVE;
				GCC_WARN_UNUSED_FUNCTION = YES;
				GCC_WARN_UNUSED_VARIABLE = YES;
				IPHONEOS_DEPLOYMENT_TARGET = 16.2;
				MTL_ENABLE_DEBUG_INFO = NO;
				MTL_FAST_MATH = YES;
				SDKROOT = iphoneos;
				SWIFT_COMPILATION_MODE = wholemodule;
				SWIFT_OPTIMIZATION_LEVEL = "-O";
				VALIDATE_PRODUCT = YES;
			};
			name = Release;
		};
		C2BA28352D379B050087B6E0 /* Debug */ = {
			isa = XCBuildConfiguration;
			buildSettings = {
				ASSETCATALOG_COMPILER_APPICON_NAME = AppIcon;
				ASSETCATALOG_COMPILER_GLOBAL_ACCENT_COLOR_NAME = AccentColor;
				CODE_SIGN_STYLE = Automatic;
				CURRENT_PROJECT_VERSION = 1;
				DEVELOPMENT_ASSET_PATHS = "\"Drawing/Preview Content\"";
				ENABLE_PREVIEWS = YES;
				GENERATE_INFOPLIST_FILE = YES;
				INFOPLIST_KEY_UIApplicationSceneManifest_Generation = YES;
				INFOPLIST_KEY_UIApplicationSupportsIndirectInputEvents = YES;
				INFOPLIST_KEY_UILaunchScreen_Generation = YES;
				INFOPLIST_KEY_UISupportedInterfaceOrientations_iPad = "UIInterfaceOrientationPortrait UIInterfaceOrientationPortraitUpsideDown UIInterfaceOrientationLandscapeLeft UIInterfaceOrientationLandscapeRight";
				INFOPLIST_KEY_UISupportedInterfaceOrientations_iPhone = "UIInterfaceOrientationPortrait UIInterfaceOrientationLandscapeLeft UIInterfaceOrientationLandscapeRight";
				LD_RUNPATH_SEARCH_PATHS = (
					"$(inherited)",
					"@executable_path/Frameworks",
				);
				MARKETING_VERSION = 1.0;
				PRODUCT_BUNDLE_IDENTIFIER = kajbr88.Drawing;
				PRODUCT_NAME = "$(TARGET_NAME)";
				SWIFT_EMIT_LOC_STRINGS = YES;
				SWIFT_VERSION = 5.0;
				TARGETED_DEVICE_FAMILY = "1,2";
			};
			name = Debug;
		};
		C2BA28362D379B050087B6E0 /* Release */ = {
			isa = XCBuildConfiguration;
			buildSettings = {
				ASSETCATALOG_COMPILER_APPICON_NAME = AppIcon;
				ASSETCATALOG_COMPILER_GLOBAL_ACCENT_COLOR_NAME = AccentColor;
				CODE_SIGN_STYLE = Automatic;
				CURRENT_PROJECT_VERSION = 1;
				DEVELOPMENT_ASSET_PATHS = "\"Drawing/Preview Content\"";
				ENABLE_PREVIEWS = YES;
				GENERATE_INFOPLIST_FILE = YES;
				INFOPLIST_KEY_UIApplicationSceneManifest_Generation = YES;
				INFOPLIST_KEY_UIApplicationSupportsIndirectInputEvents = YES;
				INFOPLIST_KEY_UILaunchScreen_Generation = YES;
				INFOPLIST_KEY_UISupportedInterfaceOrientations_iPad = "UIInterfaceOrientationPortrait UIInterfaceOrientationPortraitUpsideDown UIInterfaceOrientationLandscapeLeft UIInterfaceOrientationLandscapeRight";
				INFOPLIST_KEY_UISupportedInterfaceOrientations_iPhone = "UIInterfaceOrientationPortrait UIInterfaceOrientationLandscapeLeft UIInterfaceOrientationLandscapeRight";
				LD_RUNPATH_SEARCH_PATHS = (
					"$(inherited)",
					"@executable_path/Frameworks",
				);
				MARKETING_VERSION = 1.0;
				PRODUCT_BUNDLE_IDENTIFIER = kajbr88.Drawing;
				PRODUCT_NAME = "$(TARGET_NAME)";
				SWIFT_EMIT_LOC_STRINGS = YES;
				SWIFT_VERSION = 5.0;
				TARGETED_DEVICE_FAMILY = "1,2";
			};
			name = Release;
		};
/* End XCBuildConfiguration section */

/* Begin XCConfigurationList section */
		C2BA28212D379AF90087B6E0 /* Build configuration list for PBXProject "Drawing" */ = {
			isa = XCConfigurationList;
			buildConfigurations = (
				C2BA28322D379B050087B6E0 /* Debug */,
				C2BA28332D379B050087B6E0 /* Release */,
			);
			defaultConfigurationIsVisible = 0;
			defaultConfigurationName = Release;
		};
		C2BA28342D379B050087B6E0 /* Build configuration list for PBXNativeTarget "Drawing" */ = {
			isa = XCConfigurationList;
			buildConfigurations = (
				C2BA28352D379B050087B6E0 /* Debug */,
				C2BA28362D379B050087B6E0 /* Release */,
			);
			defaultConfigurationIsVisible = 0;
			defaultConfigurationName = Release;
		};
/* End XCConfigurationList section */
	};
	rootObject = C2BA281E2D379AF90087B6E0 /* Project object */;
}
